
Microsoft Visual Studio Solution File, Format Version 12.00
# Visual Studio Version 16
VisualStudioVersion = 16.0.31613.86
MinimumVisualStudioVersion = 10.0.40219.1
Project("{FAE04EC0-301F-11D3-BF4B-00C04F79EFBC}") = "JWT", "JWT\JWT.csproj", "{EDCA5FE3-2FAB-4915-9227-E6972BE73D85}"
EndProject
Global
	GlobalSection(SolutionConfigurationPlatforms) = preSolution
		Debug|Any CPU = Debug|Any CPU
		Release|Any CPU = Release|Any CPU
	EndGlobalSection
	GlobalSection(ProjectConfigurationPlatforms) = postSolution
		{EDCA5FE3-2FAB-4915-9227-E6972BE73D85}.Debug|Any CPU.ActiveCfg = Debug|Any CPU
		{EDCA5FE3-2FAB-4915-9227-E6972BE73D85}.Debug|Any CPU.Build.0 = Debug|Any CPU
		{EDCA5FE3-2FAB-4915-9227-E6972BE73D85}.Release|Any CPU.ActiveCfg = Release|Any CPU
		{EDCA5FE3-2FAB-4915-9227-E6972BE73D85}.Release|Any CPU.Build.0 = Release|Any CPU
	EndGlobalSection
	GlobalSection(SolutionProperties) = preSolution
		HideSolutionNode = FALSE
	EndGlobalSection
	GlobalSection(ExtensibilityGlobals) = postSolution
		SolutionGuid = {B1B27723-12DD-4996-BD88-5C6B1D85AD58}
	EndGlobalSection
EndGlobal
